// !$*UTF8*$!
{
	archiveVersion = 1;
	classes = {
	};
	objectVersion = 46;
	objects = {

/* Begin PBXBuildFile section */
		4A8D78561EE4D5E200965BDB /* AppDelegate.swift in Sources */ = {isa = PBXBuildFile; fileRef = 4A8D78551EE4D5E200965BDB /* AppDelegate.swift */; };
		4A8D78581EE4D5E200965BDB /* ViewController.swift in Sources */ = {isa = PBXBuildFile; fileRef = 4A8D78571EE4D5E200965BDB /* ViewController.swift */; };
		4A8D785B1EE4D5E200965BDB /* Main.storyboard in Resources */ = {isa = PBXBuildFile; fileRef = 4A8D78591EE4D5E200965BDB /* Main.storyboard */; };
		4A8D785D1EE4D5E200965BDB /* Assets.xcassets in Resources */ = {isa = PBXBuildFile; fileRef = 4A8D785C1EE4D5E200965BDB /* Assets.xcassets */; };
		4A8D78601EE4D5E200965BDB /* LaunchScreen.storyboard in Resources */ = {isa = PBXBuildFile; fileRef = 4A8D785E1EE4D5E200965BDB /* LaunchScreen.storyboard */; };
		4AB256F21EE4E07700F3F720 /* AlamofireImage.framework in Frameworks */ = {isa = PBXBuildFile; fileRef = 4AB256EE1EE4E07700F3F720 /* AlamofireImage.framework */; };
		4AB256F31EE4E07700F3F720 /* AlamofireImage.framework in Embed Frameworks */ = {isa = PBXBuildFile; fileRef = 4AB256EE1EE4E07700F3F720 /* AlamofireImage.framework */; settings = {ATTRIBUTES = (CodeSignOnCopy, RemoveHeadersOnCopy, ); }; };
		4AB256F41EE4E07700F3F720 /* Alamofire.framework in Frameworks */ = {isa = PBXBuildFile; fileRef = 4AB256EF1EE4E07700F3F720 /* Alamofire.framework */; };
		4AB256F51EE4E07700F3F720 /* Alamofire.framework in Embed Frameworks */ = {isa = PBXBuildFile; fileRef = 4AB256EF1EE4E07700F3F720 /* Alamofire.framework */; settings = {ATTRIBUTES = (CodeSignOnCopy, RemoveHeadersOnCopy, ); }; };
		4AB256F61EE4E07700F3F720 /* RestKit.framework in Frameworks */ = {isa = PBXBuildFile; fileRef = 4AB256F01EE4E07700F3F720 /* RestKit.framework */; };
		4AB256F71EE4E07700F3F720 /* RestKit.framework in Embed Frameworks */ = {isa = PBXBuildFile; fileRef = 4AB256F01EE4E07700F3F720 /* RestKit.framework */; settings = {ATTRIBUTES = (CodeSignOnCopy, RemoveHeadersOnCopy, ); }; };
		4AB256F81EE4E07700F3F720 /* VisualRecognitionV3.framework in Frameworks */ = {isa = PBXBuildFile; fileRef = 4AB256F11EE4E07700F3F720 /* VisualRecognitionV3.framework */; };
		4AB256F91EE4E07700F3F720 /* VisualRecognitionV3.framework in Embed Frameworks */ = {isa = PBXBuildFile; fileRef = 4AB256F11EE4E07700F3F720 /* VisualRecognitionV3.framework */; settings = {ATTRIBUTES = (CodeSignOnCopy, RemoveHeadersOnCopy, ); }; };
/* End PBXBuildFile section */

/* Begin PBXCopyFilesBuildPhase section */
		4AB256EB1EE4E04600F3F720 /* Embed Frameworks */ = {
			isa = PBXCopyFilesBuildPhase;
			buildActionMask = 2147483647;
			dstPath = "";
			dstSubfolderSpec = 10;
			files = (
				4AB256F31EE4E07700F3F720 /* AlamofireImage.framework in Embed Frameworks */,
				4AB256F51EE4E07700F3F720 /* Alamofire.framework in Embed Frameworks */,
				4AB256F71EE4E07700F3F720 /* RestKit.framework in Embed Frameworks */,
				4AB256F91EE4E07700F3F720 /* VisualRecognitionV3.framework in Embed Frameworks */,
			);
			name = "Embed Frameworks";
			runOnlyForDeploymentPostprocessing = 0;
		};
/* End PBXCopyFilesBuildPhase section */

/* Begin PBXFileReference section */
		4A8D78521EE4D5E200965BDB /* WatsonSimpleCamera.app */ = {isa = PBXFileReference; explicitFileType = wrapper.application; includeInIndex = 0; path = WatsonSimpleCamera.app; sourceTree = BUILT_PRODUCTS_DIR; };
		4A8D78551EE4D5E200965BDB /* AppDelegate.swift */ = {isa = PBXFileReference; lastKnownFileType = sourcecode.swift; path = AppDelegate.swift; sourceTree = "<group>"; };
		4A8D78571EE4D5E200965BDB /* ViewController.swift */ = {isa = PBXFileReference; lastKnownFileType = sourcecode.swift; path = ViewController.swift; sourceTree = "<group>"; };
		4A8D785A1EE4D5E200965BDB /* Base */ = {isa = PBXFileReference; lastKnownFileType = file.storyboard; name = Base; path = Base.lproj/Main.storyboard; sourceTree = "<group>"; };
		4A8D785C1EE4D5E200965BDB /* Assets.xcassets */ = {isa = PBXFileReference; lastKnownFileType = folder.assetcatalog; path = Assets.xcassets; sourceTree = "<group>"; };
		4A8D785F1EE4D5E200965BDB /* Base */ = {isa = PBXFileReference; lastKnownFileType = file.storyboard; name = Base; path = Base.lproj/LaunchScreen.storyboard; sourceTree = "<group>"; };
		4A8D78611EE4D5E200965BDB /* Info.plist */ = {isa = PBXFileReference; lastKnownFileType = text.plist.xml; path = Info.plist; sourceTree = "<group>"; };
		4AB256EE1EE4E07700F3F720 /* AlamofireImage.framework */ = {isa = PBXFileReference; lastKnownFileType = wrapper.framework; path = AlamofireImage.framework; sourceTree = "<group>"; };
		4AB256EF1EE4E07700F3F720 /* Alamofire.framework */ = {isa = PBXFileReference; lastKnownFileType = wrapper.framework; path = Alamofire.framework; sourceTree = "<group>"; };
		4AB256F01EE4E07700F3F720 /* RestKit.framework */ = {isa = PBXFileReference; lastKnownFileType = wrapper.framework; path = RestKit.framework; sourceTree = "<group>"; };
		4AB256F11EE4E07700F3F720 /* VisualRecognitionV3.framework */ = {isa = PBXFileReference; lastKnownFileType = wrapper.framework; path = VisualRecognitionV3.framework; sourceTree = "<group>"; };
/* End PBXFileReference section */

/* Begin PBXFrameworksBuildPhase section */
		4A8D784F1EE4D5E200965BDB /* Frameworks */ = {
			isa = PBXFrameworksBuildPhase;
			buildActionMask = 2147483647;
			files = (
				4AB256F21EE4E07700F3F720 /* AlamofireImage.framework in Frameworks */,
				4AB256F41EE4E07700F3F720 /* Alamofire.framework in Frameworks */,
				4AB256F61EE4E07700F3F720 /* RestKit.framework in Frameworks */,
				4AB256F81EE4E07700F3F720 /* VisualRecognitionV3.framework in Frameworks */,
			);
			runOnlyForDeploymentPostprocessing = 0;
		};
/* End PBXFrameworksBuildPhase section */

/* Begin PBXGroup section */
		4A8D78491EE4D5E200965BDB = {
			isa = PBXGroup;
			children = (
				4AB256EE1EE4E07700F3F720 /* AlamofireImage.framework */,
				4AB256EF1EE4E07700F3F720 /* Alamofire.framework */,
				4AB256F01EE4E07700F3F720 /* RestKit.framework */,
				4AB256F11EE4E07700F3F720 /* VisualRecognitionV3.framework */,
				4A8D78541EE4D5E200965BDB /* WatsonSimpleCamera */,
				4A8D78531EE4D5E200965BDB /* Products */,
			);
			sourceTree = "<group>";
		};
		4A8D78531EE4D5E200965BDB /* Products */ = {
			isa = PBXGroup;
			children = (
				4A8D78521EE4D5E200965BDB /* WatsonSimpleCamera.app */,
			);
			name = Products;
			sourceTree = "<group>";
		};
		4A8D78541EE4D5E200965BDB /* WatsonSimpleCamera */ = {
			isa = PBXGroup;
			children = (
				4A8D78551EE4D5E200965BDB /* AppDelegate.swift */,
				4A8D78571EE4D5E200965BDB /* ViewController.swift */,
				4A8D78591EE4D5E200965BDB /* Main.storyboard */,
				4A8D785C1EE4D5E200965BDB /* Assets.xcassets */,
				4A8D785E1EE4D5E200965BDB /* LaunchScreen.storyboard */,
				4A8D78611EE4D5E200965BDB /* Info.plist */,
			);
			path = WatsonSimpleCamera;
			sourceTree = "<group>";
		};
/* End PBXGroup section */

/* Begin PBXNativeTarget section */
		4A8D78511EE4D5E200965BDB /* WatsonSimpleCamera */ = {
			isa = PBXNativeTarget;
			buildConfigurationList = 4A8D78641EE4D5E200965BDB /* Build configuration list for PBXNativeTarget "WatsonSimpleCamera" */;
			buildPhases = (
				4A8D784E1EE4D5E200965BDB /* Sources */,
				4A8D784F1EE4D5E200965BDB /* Frameworks */,
				4A8D78501EE4D5E200965BDB /* Resources */,
				4AB256EB1EE4E04600F3F720 /* Embed Frameworks */,
			);
			buildRules = (
			);
			dependencies = (
			);
			name = WatsonSimpleCamera;
			productName = WatsonSimpleCamera;
			productReference = 4A8D78521EE4D5E200965BDB /* WatsonSimpleCamera.app */;
			productType = "com.apple.product-type.application";
		};
/* End PBXNativeTarget section */

/* Begin PBXProject section */
		4A8D784A1EE4D5E200965BDB /* Project object */ = {
			isa = PBXProject;
			attributes = {
				LastSwiftUpdateCheck = 0810;
				LastUpgradeCheck = 0810;
				ORGANIZATIONNAME = "harry bloch";
				TargetAttributes = {
					4A8D78511EE4D5E200965BDB = {
						CreatedOnToolsVersion = 8.1;
						DevelopmentTeam = TYJQRQBVB6;
						ProvisioningStyle = Automatic;
					};
				};
			};
			buildConfigurationList = 4A8D784D1EE4D5E200965BDB /* Build configuration list for PBXProject "WatsonSimpleCamera" */;
			compatibilityVersion = "Xcode 3.2";
			developmentRegion = English;
			hasScannedForEncodings = 0;
			knownRegions = (
				en,
				Base,
			);
			mainGroup = 4A8D78491EE4D5E200965BDB;
			productRefGroup = 4A8D78531EE4D5E200965BDB /* Products */;
			projectDirPath = "";
			projectRoot = "";
			targets = (
				4A8D78511EE4D5E200965BDB /* WatsonSimpleCamera */,
			);
		};
/* End PBXProject section */

/* Begin PBXResourcesBuildPhase section */
		4A8D78501EE4D5E200965BDB /* Resources */ = {
			isa = PBXResourcesBuildPhase;
			buildActionMask = 2147483647;
			files = (
				4A8D78601EE4D5E200965BDB /* LaunchScreen.storyboard in Resources */,
				4A8D785D1EE4D5E200965BDB /* Assets.xcassets in Resources */,
				4A8D785B1EE4D5E200965BDB /* Main.storyboard in Resources */,
			);
			runOnlyForDeploymentPostprocessing = 0;
		};
/* End PBXResourcesBuildPhase section */

/* Begin PBXSourcesBuildPhase section */
		4A8D784E1EE4D5E200965BDB /* Sources */ = {
			isa = PBXSourcesBuildPhase;
			buildActionMask = 2147483647;
			files = (
				4A8D78581EE4D5E200965BDB /* ViewController.swift in Sources */,
				4A8D78561EE4D5E200965BDB /* AppDelegate.swift in Sources */,
			);
			runOnlyForDeploymentPostprocessing = 0;
		};
/* End PBXSourcesBuildPhase section */

/* Begin PBXVariantGroup section */
		4A8D78591EE4D5E200965BDB /* Main.storyboard */ = {
			isa = PBXVariantGroup;
			children = (
				4A8D785A1EE4D5E200965BDB /* Base */,
			);
			name = Main.storyboard;
			sourceTree = "<group>";
		};
		4A8D785E1EE4D5E200965BDB /* LaunchScreen.storyboard */ = {
			isa = PBXVariantGroup;
			children = (
				4A8D785F1EE4D5E200965BDB /* Base */,
			);
			name = LaunchScreen.storyboard;
			sourceTree = "<group>";
		};
/* End PBXVariantGroup section */

/* Begin XCBuildConfiguration section */
		4A8D78621EE4D5E200965BDB /* Debug */ = {
			isa = XCBuildConfiguration;
			buildSettings = {
				ALWAYS_SEARCH_USER_PATHS = NO;
				CLANG_ANALYZER_NONNULL = YES;
				CLANG_CXX_LANGUAGE_STANDARD = "gnu++0x";
				CLANG_CXX_LIBRARY = "libc++";
				CLANG_ENABLE_MODULES = YES;
				CLANG_ENABLE_OBJC_ARC = YES;
				CLANG_WARN_BOOL_CONVERSION = YES;
				CLANG_WARN_CONSTANT_CONVERSION = YES;
				CLANG_WARN_DIRECT_OBJC_ISA_USAGE = YES_ERROR;
				CLANG_WARN_DOCUMENTATION_COMMENTS = YES;
				CLANG_WARN_EMPTY_BODY = YES;
				CLANG_WARN_ENUM_CONVERSION = YES;
				CLANG_WARN_INFINITE_RECURSION = YES;
				CLANG_WARN_INT_CONVERSION = YES;
				CLANG_WARN_OBJC_ROOT_CLASS = YES_ERROR;
				CLANG_WARN_SUSPICIOUS_MOVES = YES;
				CLANG_WARN_UNREACHABLE_CODE = YES;
				CLANG_WARN__DUPLICATE_METHOD_MATCH = YES;
				"CODE_SIGN_IDENTITY[sdk=iphoneos*]" = "iPhone Developer";
				COPY_PHASE_STRIP = NO;
				DEBUG_INFORMATION_FORMAT = dwarf;
				ENABLE_STRICT_OBJC_MSGSEND = YES;
				ENABLE_TESTABILITY = YES;
				GCC_C_LANGUAGE_STANDARD = gnu99;
				GCC_DYNAMIC_NO_PIC = NO;
				GCC_NO_COMMON_BLOCKS = YES;
				GCC_OPTIMIZATION_LEVEL = 0;
				GCC_PREPROCESSOR_DEFINITIONS = (
					"DEBUG=1",
					"$(inherited)",
				);
				GCC_WARN_64_TO_32_BIT_CONVERSION = YES;
				GCC_WARN_ABOUT_RETURN_TYPE = YES_ERROR;
				GCC_WARN_UNDECLARED_SELECTOR = YES;
				GCC_WARN_UNINITIALIZED_AUTOS = YES_AGGRESSIVE;
				GCC_WARN_UNUSED_FUNCTION = YES;
				GCC_WARN_UNUSED_VARIABLE = YES;
				IPHONEOS_DEPLOYMENT_TARGET = 10.1;
				MTL_ENABLE_DEBUG_INFO = YES;
				ONLY_ACTIVE_ARCH = YES;
				SDKROOT = iphoneos;
				SWIFT_ACTIVE_COMPILATION_CONDITIONS = DEBUG;
				SWIFT_OPTIMIZATION_LEVEL = "-Onone";
			};
			name = Debug;
		};
		4A8D78631EE4D5E200965BDB /* Release */ = {
			isa = XCBuildConfiguration;
			buildSettings = {
				ALWAYS_SEARCH_USER_PATHS = NO;
				CLANG_ANALYZER_NONNULL = YES;
				CLANG_CXX_LANGUAGE_STANDARD = "gnu++0x";
				CLANG_CXX_LIBRARY = "libc++";
				CLANG_ENABLE_MODULES = YES;
				CLANG_ENABLE_OBJC_ARC = YES;
				CLANG_WARN_BOOL_CONVERSION = YES;
				CLANG_WARN_CONSTANT_CONVERSION = YES;
				CLANG_WARN_DIRECT_OBJC_ISA_USAGE = YES_ERROR;
				CLANG_WARN_DOCUMENTATION_COMMENTS = YES;
				CLANG_WARN_EMPTY_BODY = YES;
				CLANG_WARN_ENUM_CONVERSION = YES;
				CLANG_WARN_INFINITE_RECURSION = YES;
				CLANG_WARN_INT_CONVERSION = YES;
				CLANG_WARN_OBJC_ROOT_CLASS = YES_ERROR;
				CLANG_WARN_SUSPICIOUS_MOVES = YES;
				CLANG_WARN_UNREACHABLE_CODE = YES;
				CLANG_WARN__DUPLICATE_METHOD_MATCH = YES;
				"CODE_SIGN_IDENTITY[sdk=iphoneos*]" = "iPhone Developer";
				COPY_PHASE_STRIP = NO;
				DEBUG_INFORMATION_FORMAT = "dwarf-with-dsym";
				ENABLE_NS_ASSERTIONS = NO;
				ENABLE_STRICT_OBJC_MSGSEND = YES;
				GCC_C_LANGUAGE_STANDARD = gnu99;
				GCC_NO_COMMON_BLOCKS = YES;
				GCC_WARN_64_TO_32_BIT_CONVERSION = YES;
				GCC_WARN_ABOUT_RETURN_TYPE = YES_ERROR;
				GCC_WARN_UNDECLARED_SELECTOR = YES;
				GCC_WARN_UNINITIALIZED_AUTOS = YES_AGGRESSIVE;
				GCC_WARN_UNUSED_FUNCTION = YES;
				GCC_WARN_UNUSED_VARIABLE = YES;
				IPHONEOS_DEPLOYMENT_TARGET = 10.1;
				MTL_ENABLE_DEBUG_INFO = NO;
				SDKROOT = iphoneos;
				SWIFT_OPTIMIZATION_LEVEL = "-Owholemodule";
				VALIDATE_PRODUCT = YES;
			};
			name = Release;
		};
		4A8D78651EE4D5E200965BDB /* Debug */ = {
			isa = XCBuildConfiguration;
			buildSettings = {
				ASSETCATALOG_COMPILER_APPICON_NAME = AppIcon;
				DEVELOPMENT_TEAM = TYJQRQBVB6;
				FRAMEWORK_SEARCH_PATHS = (
					"$(inherited)",
					"$(PROJECT_DIR)",
				);
				INFOPLIST_FILE = WatsonSimpleCamera/Info.plist;
				LD_RUNPATH_SEARCH_PATHS = "$(inherited) @executable_path/Frameworks";
				PRODUCT_BUNDLE_IDENTIFIER = com.harryfbloch.WatsonSimpleCamera;
				PRODUCT_NAME = "$(TARGET_NAME)";
				SWIFT_VERSION = 3.0;
			};
			name = Debug;
		};
		4A8D78661EE4D5E200965BDB /* Release */ = {
			isa = XCBuildConfiguration;
			buildSettings = {
				ASSETCATALOG_COMPILER_APPICON_NAME = AppIcon;
				DEVELOPMENT_TEAM = TYJQRQBVB6;
				FRAMEWORK_SEARCH_PATHS = (
					"$(inherited)",
					"$(PROJECT_DIR)",
				);
				INFOPLIST_FILE = WatsonSimpleCamera/Info.plist;
				LD_RUNPATH_SEARCH_PATHS = "$(inherited) @executable_path/Frameworks";
				PRODUCT_BUNDLE_IDENTIFIER = com.harryfbloch.WatsonSimpleCamera;
				PRODUCT_NAME = "$(TARGET_NAME)";
				SWIFT_VERSION = 3.0;
			};
			name = Release;
		};
/* End XCBuildConfiguration section */

/* Begin XCConfigurationList section */
		4A8D784D1EE4D5E200965BDB /* Build configuration list for PBXProject "WatsonSimpleCamera" */ = {
			isa = XCConfigurationList;
			buildConfigurations = (
				4A8D78621EE4D5E200965BDB /* Debug */,
				4A8D78631EE4D5E200965BDB /* Release */,
			);
			defaultConfigurationIsVisible = 0;
			defaultConfigurationName = Release;
		};
		4A8D78641EE4D5E200965BDB /* Build configuration list for PBXNativeTarget "WatsonSimpleCamera" */ = {
			isa = XCConfigurationList;
			buildConfigurations = (
				4A8D78651EE4D5E200965BDB /* Debug */,
				4A8D78661EE4D5E200965BDB /* Release */,
			);
			defaultConfigurationIsVisible = 0;
			defaultConfigurationName = Release;
		};
/* End XCConfigurationList section */
	};
	rootObject = 4A8D784A1EE4D5E200965BDB /* Project object */;
}
